// !$*UTF8*$!
{
	archiveVersion = 1;
	classes = {
	};
	objectVersion = 55;
	objects = {

/* Begin PBXBuildFile section */
		69B4AD852787123B00585152 /* AppDelegate.swift in Sources */ = {isa = PBXBuildFile; fileRef = 69B4AD842787123B00585152 /* AppDelegate.swift */; };
		69B4AD872787123B00585152 /* SceneDelegate.swift in Sources */ = {isa = PBXBuildFile; fileRef = 69B4AD862787123B00585152 /* SceneDelegate.swift */; };
		69B4AD892787123B00585152 /* ViewController.swift in Sources */ = {isa = PBXBuildFile; fileRef = 69B4AD882787123B00585152 /* ViewController.swift */; };
		69B4AD8C2787123B00585152 /* Main.storyboard in Resources */ = {isa = PBXBuildFile; fileRef = 69B4AD8A2787123B00585152 /* Main.storyboard */; };
		69B4AD8E2787123E00585152 /* Assets.xcassets in Resources */ = {isa = PBXBuildFile; fileRef = 69B4AD8D2787123E00585152 /* Assets.xcassets */; };
		69B4AD912787123E00585152 /* LaunchScreen.storyboard in Resources */ = {isa = PBXBuildFile; fileRef = 69B4AD8F2787123E00585152 /* LaunchScreen.storyboard */; };
		69B4AD9C2787123E00585152 /* Homework_1_3Tests.swift in Sources */ = {isa = PBXBuildFile; fileRef = 69B4AD9B2787123E00585152 /* Homework_1_3Tests.swift */; };
		69B4ADA62787123E00585152 /* Homework_1_3UITests.swift in Sources */ = {isa = PBXBuildFile; fileRef = 69B4ADA52787123E00585152 /* Homework_1_3UITests.swift */; };
		69B4ADA82787123E00585152 /* Homework_1_3UITestsLaunchTests.swift in Sources */ = {isa = PBXBuildFile; fileRef = 69B4ADA72787123E00585152 /* Homework_1_3UITestsLaunchTests.swift */; };
/* End PBXBuildFile section */

/* Begin PBXContainerItemProxy section */
		69B4AD982787123E00585152 /* PBXContainerItemProxy */ = {
			isa = PBXContainerItemProxy;
			containerPortal = 69B4AD792787123B00585152 /* Project object */;
			proxyType = 1;
			remoteGlobalIDString = 69B4AD802787123B00585152;
			remoteInfo = "Homework#1.3";
		};
		69B4ADA22787123E00585152 /* PBXContainerItemProxy */ = {
			isa = PBXContainerItemProxy;
			containerPortal = 69B4AD792787123B00585152 /* Project object */;
			proxyType = 1;
			remoteGlobalIDString = 69B4AD802787123B00585152;
			remoteInfo = "Homework#1.3";
		};
/* End PBXContainerItemProxy section */

/* Begin PBXFileReference section */
		69B4AD812787123B00585152 /* Homework#1.3.app */ = {isa = PBXFileReference; explicitFileType = wrapper.application; includeInIndex = 0; path = "Homework#1.3.app"; sourceTree = BUILT_PRODUCTS_DIR; };
		69B4AD842787123B00585152 /* AppDelegate.swift */ = {isa = PBXFileReference; lastKnownFileType = sourcecode.swift; path = AppDelegate.swift; sourceTree = "<group>"; };
		69B4AD862787123B00585152 /* SceneDelegate.swift */ = {isa = PBXFileReference; lastKnownFileType = sourcecode.swift; path = SceneDelegate.swift; sourceTree = "<group>"; };
		69B4AD882787123B00585152 /* ViewController.swift */ = {isa = PBXFileReference; lastKnownFileType = sourcecode.swift; path = ViewController.swift; sourceTree = "<group>"; };
		69B4AD8B2787123B00585152 /* Base */ = {isa = PBXFileReference; lastKnownFileType = file.storyboard; name = Base; path = Base.lproj/Main.storyboard; sourceTree = "<group>"; };
		69B4AD8D2787123E00585152 /* Assets.xcassets */ = {isa = PBXFileReference; lastKnownFileType = folder.assetcatalog; path = Assets.xcassets; sourceTree = "<group>"; };
		69B4AD902787123E00585152 /* Base */ = {isa = PBXFileReference; lastKnownFileType = file.storyboard; name = Base; path = Base.lproj/LaunchScreen.storyboard; sourceTree = "<group>"; };
		69B4AD922787123E00585152 /* Info.plist */ = {isa = PBXFileReference; lastKnownFileType = text.plist.xml; path = Info.plist; sourceTree = "<group>"; };
		69B4AD972787123E00585152 /* Homework#1.3Tests.xctest */ = {isa = PBXFileReference; explicitFileType = wrapper.cfbundle; includeInIndex = 0; path = "Homework#1.3Tests.xctest"; sourceTree = BUILT_PRODUCTS_DIR; };
		69B4AD9B2787123E00585152 /* Homework_1_3Tests.swift */ = {isa = PBXFileReference; lastKnownFileType = sourcecode.swift; path = Homework_1_3Tests.swift; sourceTree = "<group>"; };
		69B4ADA12787123E00585152 /* Homework#1.3UITests.xctest */ = {isa = PBXFileReference; explicitFileType = wrapper.cfbundle; includeInIndex = 0; path = "Homework#1.3UITests.xctest"; sourceTree = BUILT_PRODUCTS_DIR; };
		69B4ADA52787123E00585152 /* Homework_1_3UITests.swift */ = {isa = PBXFileReference; lastKnownFileType = sourcecode.swift; path = Homework_1_3UITests.swift; sourceTree = "<group>"; };
		69B4ADA72787123E00585152 /* Homework_1_3UITestsLaunchTests.swift */ = {isa = PBXFileReference; lastKnownFileType = sourcecode.swift; path = Homework_1_3UITestsLaunchTests.swift; sourceTree = "<group>"; };
/* End PBXFileReference section */

/* Begin PBXFrameworksBuildPhase section */
		69B4AD7E2787123B00585152 /* Frameworks */ = {
			isa = PBXFrameworksBuildPhase;
			buildActionMask = 2147483647;
			files = (
			);
			runOnlyForDeploymentPostprocessing = 0;
		};
		69B4AD942787123E00585152 /* Frameworks */ = {
			isa = PBXFrameworksBuildPhase;
			buildActionMask = 2147483647;
			files = (
			);
			runOnlyForDeploymentPostprocessing = 0;
		};
		69B4AD9E2787123E00585152 /* Frameworks */ = {
			isa = PBXFrameworksBuildPhase;
			buildActionMask = 2147483647;
			files = (
			);
			runOnlyForDeploymentPostprocessing = 0;
		};
/* End PBXFrameworksBuildPhase section */

/* Begin PBXGroup section */
		69B4AD782787123B00585152 = {
			isa = PBXGroup;
			children = (
				69B4AD832787123B00585152 /* Homework#1.3 */,
				69B4AD9A2787123E00585152 /* Homework#1.3Tests */,
				69B4ADA42787123E00585152 /* Homework#1.3UITests */,
				69B4AD822787123B00585152 /* Products */,
			);
			sourceTree = "<group>";
		};
		69B4AD822787123B00585152 /* Products */ = {
			isa = PBXGroup;
			children = (
				69B4AD812787123B00585152 /* Homework#1.3.app */,
				69B4AD972787123E00585152 /* Homework#1.3Tests.xctest */,
				69B4ADA12787123E00585152 /* Homework#1.3UITests.xctest */,
			);
			name = Products;
			sourceTree = "<group>";
		};
		69B4AD832787123B00585152 /* Homework#1.3 */ = {
			isa = PBXGroup;
			children = (
				69B4AD842787123B00585152 /* AppDelegate.swift */,
				69B4AD862787123B00585152 /* SceneDelegate.swift */,
				69B4AD882787123B00585152 /* ViewController.swift */,
				69B4AD8A2787123B00585152 /* Main.storyboard */,
				69B4AD8D2787123E00585152 /* Assets.xcassets */,
				69B4AD8F2787123E00585152 /* LaunchScreen.storyboard */,
				69B4AD922787123E00585152 /* Info.plist */,
			);
			path = "Homework#1.3";
			sourceTree = "<group>";
		};
		69B4AD9A2787123E00585152 /* Homework#1.3Tests */ = {
			isa = PBXGroup;
			children = (
				69B4AD9B2787123E00585152 /* Homework_1_3Tests.swift */,
			);
			path = "Homework#1.3Tests";
			sourceTree = "<group>";
		};
		69B4ADA42787123E00585152 /* Homework#1.3UITests */ = {
			isa = PBXGroup;
			children = (
				69B4ADA52787123E00585152 /* Homework_1_3UITests.swift */,
				69B4ADA72787123E00585152 /* Homework_1_3UITestsLaunchTests.swift */,
			);
			path = "Homework#1.3UITests";
			sourceTree = "<group>";
		};
/* End PBXGroup section */

/* Begin PBXNativeTarget section */
		69B4AD802787123B00585152 /* Homework#1.3 */ = {
			isa = PBXNativeTarget;
			buildConfigurationList = 69B4ADAB2787123E00585152 /* Build configuration list for PBXNativeTarget "Homework#1.3" */;
			buildPhases = (
				69B4AD7D2787123B00585152 /* Sources */,
				69B4AD7E2787123B00585152 /* Frameworks */,
				69B4AD7F2787123B00585152 /* Resources */,
			);
			buildRules = (
			);
			dependencies = (
			);
			name = "Homework#1.3";
			productName = "Homework#1.3";
			productReference = 69B4AD812787123B00585152 /* Homework#1.3.app */;
			productType = "com.apple.product-type.application";
		};
		69B4AD962787123E00585152 /* Homework#1.3Tests */ = {
			isa = PBXNativeTarget;
			buildConfigurationList = 69B4ADAE2787123E00585152 /* Build configuration list for PBXNativeTarget "Homework#1.3Tests" */;
			buildPhases = (
				69B4AD932787123E00585152 /* Sources */,
				69B4AD942787123E00585152 /* Frameworks */,
				69B4AD952787123E00585152 /* Resources */,
			);
			buildRules = (
			);
			dependencies = (
				69B4AD992787123E00585152 /* PBXTargetDependency */,
			);
			name = "Homework#1.3Tests";
			productName = "Homework#1.3Tests";
			productReference = 69B4AD972787123E00585152 /* Homework#1.3Tests.xctest */;
			productType = "com.apple.product-type.bundle.unit-test";
		};
		69B4ADA02787123E00585152 /* Homework#1.3UITests */ = {
			isa = PBXNativeTarget;
			buildConfigurationList = 69B4ADB12787123E00585152 /* Build configuration list for PBXNativeTarget "Homework#1.3UITests" */;
			buildPhases = (
				69B4AD9D2787123E00585152 /* Sources */,
				69B4AD9E2787123E00585152 /* Frameworks */,
				69B4AD9F2787123E00585152 /* Resources */,
			);
			buildRules = (
			);
			dependencies = (
				69B4ADA32787123E00585152 /* PBXTargetDependency */,
			);
			name = "Homework#1.3UITests";
			productName = "Homework#1.3UITests";
			productReference = 69B4ADA12787123E00585152 /* Homework#1.3UITests.xctest */;
			productType = "com.apple.product-type.bundle.ui-testing";
		};
/* End PBXNativeTarget section */

/* Begin PBXProject section */
		69B4AD792787123B00585152 /* Project object */ = {
			isa = PBXProject;
			attributes = {
				BuildIndependentTargetsInParallel = 1;
				LastSwiftUpdateCheck = 1310;
				LastUpgradeCheck = 1310;
				TargetAttributes = {
					69B4AD802787123B00585152 = {
						CreatedOnToolsVersion = 13.1;
					};
					69B4AD962787123E00585152 = {
						CreatedOnToolsVersion = 13.1;
						TestTargetID = 69B4AD802787123B00585152;
					};
					69B4ADA02787123E00585152 = {
						CreatedOnToolsVersion = 13.1;
						TestTargetID = 69B4AD802787123B00585152;
					};
				};
			};
			buildConfigurationList = 69B4AD7C2787123B00585152 /* Build configuration list for PBXProject "Homework#1.3" */;
			compatibilityVersion = "Xcode 13.0";
			developmentRegion = en;
			hasScannedForEncodings = 0;
			knownRegions = (
				en,
				Base,
			);
			mainGroup = 69B4AD782787123B00585152;
			productRefGroup = 69B4AD822787123B00585152 /* Products */;
			projectDirPath = "";
			projectRoot = "";
			targets = (
				69B4AD802787123B00585152 /* Homework#1.3 */,
				69B4AD962787123E00585152 /* Homework#1.3Tests */,
				69B4ADA02787123E00585152 /* Homework#1.3UITests */,
			);
		};
/* End PBXProject section */

/* Begin PBXResourcesBuildPhase section */
		69B4AD7F2787123B00585152 /* Resources */ = {
			isa = PBXResourcesBuildPhase;
			buildActionMask = 2147483647;
			files = (
				69B4AD912787123E00585152 /* LaunchScreen.storyboard in Resources */,
				69B4AD8E2787123E00585152 /* Assets.xcassets in Resources */,
				69B4AD8C2787123B00585152 /* Main.storyboard in Resources */,
			);
			runOnlyForDeploymentPostprocessing = 0;
		};
		69B4AD952787123E00585152 /* Resources */ = {
			isa = PBXResourcesBuildPhase;
			buildActionMask = 2147483647;
			files = (
			);
			runOnlyForDeploymentPostprocessing = 0;
		};
		69B4AD9F2787123E00585152 /* Resources */ = {
			isa = PBXResourcesBuildPhase;
			buildActionMask = 2147483647;
			files = (
			);
			runOnlyForDeploymentPostprocessing = 0;
		};
/* End PBXResourcesBuildPhase section */

/* Begin PBXSourcesBuildPhase section */
		69B4AD7D2787123B00585152 /* Sources */ = {
			isa = PBXSourcesBuildPhase;
			buildActionMask = 2147483647;
			files = (
				69B4AD892787123B00585152 /* ViewController.swift in Sources */,
				69B4AD852787123B00585152 /* AppDelegate.swift in Sources */,
				69B4AD872787123B00585152 /* SceneDelegate.swift in Sources */,
			);
			runOnlyForDeploymentPostprocessing = 0;
		};
		69B4AD932787123E00585152 /* Sources */ = {
			isa = PBXSourcesBuildPhase;
			buildActionMask = 2147483647;
			files = (
				69B4AD9C2787123E00585152 /* Homework_1_3Tests.swift in Sources */,
			);
			runOnlyForDeploymentPostprocessing = 0;
		};
		69B4AD9D2787123E00585152 /* Sources */ = {
			isa = PBXSourcesBuildPhase;
			buildActionMask = 2147483647;
			files = (
				69B4ADA82787123E00585152 /* Homework_1_3UITestsLaunchTests.swift in Sources */,
				69B4ADA62787123E00585152 /* Homework_1_3UITests.swift in Sources */,
			);
			runOnlyForDeploymentPostprocessing = 0;
		};
/* End PBXSourcesBuildPhase section */

/* Begin PBXTargetDependency section */
		69B4AD992787123E00585152 /* PBXTargetDependency */ = {
			isa = PBXTargetDependency;
			target = 69B4AD802787123B00585152 /* Homework#1.3 */;
			targetProxy = 69B4AD982787123E00585152 /* PBXContainerItemProxy */;
		};
		69B4ADA32787123E00585152 /* PBXTargetDependency */ = {
			isa = PBXTargetDependency;
			target = 69B4AD802787123B00585152 /* Homework#1.3 */;
			targetProxy = 69B4ADA22787123E00585152 /* PBXContainerItemProxy */;
		};
/* End PBXTargetDependency section */

/* Begin PBXVariantGroup section */
		69B4AD8A2787123B00585152 /* Main.storyboard */ = {
			isa = PBXVariantGroup;
			children = (
				69B4AD8B2787123B00585152 /* Base */,
			);
			name = Main.storyboard;
			sourceTree = "<group>";
		};
		69B4AD8F2787123E00585152 /* LaunchScreen.storyboard */ = {
			isa = PBXVariantGroup;
			children = (
				69B4AD902787123E00585152 /* Base */,
			);
			name = LaunchScreen.storyboard;
			sourceTree = "<group>";
		};
/* End PBXVariantGroup section */

/* Begin XCBuildConfiguration section */
		69B4ADA92787123E00585152 /* Debug */ = {
			isa = XCBuildConfiguration;
			buildSettings = {
				ALWAYS_SEARCH_USER_PATHS = NO;
				CLANG_ANALYZER_NONNULL = YES;
				CLANG_ANALYZER_NUMBER_OBJECT_CONVERSION = YES_AGGRESSIVE;
				CLANG_CXX_LANGUAGE_STANDARD = "gnu++17";
				CLANG_CXX_LIBRARY = "libc++";
				CLANG_ENABLE_MODULES = YES;
				CLANG_ENABLE_OBJC_ARC = YES;
				CLANG_ENABLE_OBJC_WEAK = YES;
				CLANG_WARN_BLOCK_CAPTURE_AUTORELEASING = YES;
				CLANG_WARN_BOOL_CONVERSION = YES;
				CLANG_WARN_COMMA = YES;
				CLANG_WARN_CONSTANT_CONVERSION = YES;
				CLANG_WARN_DEPRECATED_OBJC_IMPLEMENTATIONS = YES;
				CLANG_WARN_DIRECT_OBJC_ISA_USAGE = YES_ERROR;
				CLANG_WARN_DOCUMENTATION_COMMENTS = YES;
				CLANG_WARN_EMPTY_BODY = YES;
				CLANG_WARN_ENUM_CONVERSION = YES;
				CLANG_WARN_INFINITE_RECURSION = YES;
				CLANG_WARN_INT_CONVERSION = YES;
				CLANG_WARN_NON_LITERAL_NULL_CONVERSION = YES;
				CLANG_WARN_OBJC_IMPLICIT_RETAIN_SELF = YES;
				CLANG_WARN_OBJC_LITERAL_CONVERSION = YES;
				CLANG_WARN_OBJC_ROOT_CLASS = YES_ERROR;
				CLANG_WARN_QUOTED_INCLUDE_IN_FRAMEWORK_HEADER = YES;
				CLANG_WARN_RANGE_LOOP_ANALYSIS = YES;
				CLANG_WARN_STRICT_PROTOTYPES = YES;
				CLANG_WARN_SUSPICIOUS_MOVE = YES;
				CLANG_WARN_UNGUARDED_AVAILABILITY = YES_AGGRESSIVE;
				CLANG_WARN_UNREACHABLE_CODE = YES;
				CLANG_WARN__DUPLICATE_METHOD_MATCH = YES;
				COPY_PHASE_STRIP = NO;
				DEBUG_INFORMATION_FORMAT = dwarf;
				ENABLE_STRICT_OBJC_MSGSEND = YES;
				ENABLE_TESTABILITY = YES;
				GCC_C_LANGUAGE_STANDARD = gnu11;
				GCC_DYNAMIC_NO_PIC = NO;
				GCC_NO_COMMON_BLOCKS = YES;
				GCC_OPTIMIZATION_LEVEL = 0;
				GCC_PREPROCESSOR_DEFINITIONS = (
					"DEBUG=1",
					"$(inherited)",
				);
				GCC_WARN_64_TO_32_BIT_CONVERSION = YES;
				GCC_WARN_ABOUT_RETURN_TYPE = YES_ERROR;
				GCC_WARN_UNDECLARED_SELECTOR = YES;
				GCC_WARN_UNINITIALIZED_AUTOS = YES_AGGRESSIVE;
				GCC_WARN_UNUSED_FUNCTION = YES;
				GCC_WARN_UNUSED_VARIABLE = YES;
				IPHONEOS_DEPLOYMENT_TARGET = 15.0;
				MTL_ENABLE_DEBUG_INFO = INCLUDE_SOURCE;
				MTL_FAST_MATH = YES;
				ONLY_ACTIVE_ARCH = YES;
				SDKROOT = iphoneos;
				SWIFT_ACTIVE_COMPILATION_CONDITIONS = DEBUG;
				SWIFT_OPTIMIZATION_LEVEL = "-Onone";
			};
			name = Debug;
		};
		69B4ADAA2787123E00585152 /* Release */ = {
			isa = XCBuildConfiguration;
			buildSettings = {
				ALWAYS_SEARCH_USER_PATHS = NO;
				CLANG_ANALYZER_NONNULL = YES;
				CLANG_ANALYZER_NUMBER_OBJECT_CONVERSION = YES_AGGRESSIVE;
				CLANG_CXX_LANGUAGE_STANDARD = "gnu++17";
				CLANG_CXX_LIBRARY = "libc++";
				CLANG_ENABLE_MODULES = YES;
				CLANG_ENABLE_OBJC_ARC = YES;
				CLANG_ENABLE_OBJC_WEAK = YES;
				CLANG_WARN_BLOCK_CAPTURE_AUTORELEASING = YES;
				CLANG_WARN_BOOL_CONVERSION = YES;
				CLANG_WARN_COMMA = YES;
				CLANG_WARN_CONSTANT_CONVERSION = YES;
				CLANG_WARN_DEPRECATED_OBJC_IMPLEMENTATIONS = YES;
				CLANG_WARN_DIRECT_OBJC_ISA_USAGE = YES_ERROR;
				CLANG_WARN_DOCUMENTATION_COMMENTS = YES;
				CLANG_WARN_EMPTY_BODY = YES;
				CLANG_WARN_ENUM_CONVERSION = YES;
				CLANG_WARN_INFINITE_RECURSION = YES;
				CLANG_WARN_INT_CONVERSION = YES;
				CLANG_WARN_NON_LITERAL_NULL_CONVERSION = YES;
				CLANG_WARN_OBJC_IMPLICIT_RETAIN_SELF = YES;
				CLANG_WARN_OBJC_LITERAL_CONVERSION = YES;
				CLANG_WARN_OBJC_ROOT_CLASS = YES_ERROR;
				CLANG_WARN_QUOTED_INCLUDE_IN_FRAMEWORK_HEADER = YES;
				CLANG_WARN_RANGE_LOOP_ANALYSIS = YES;
				CLANG_WARN_STRICT_PROTOTYPES = YES;
				CLANG_WARN_SUSPICIOUS_MOVE = YES;
				CLANG_WARN_UNGUARDED_AVAILABILITY = YES_AGGRESSIVE;
				CLANG_WARN_UNREACHABLE_CODE = YES;
				CLANG_WARN__DUPLICATE_METHOD_MATCH = YES;
				COPY_PHASE_STRIP = NO;
				DEBUG_INFORMATION_FORMAT = "dwarf-with-dsym";
				ENABLE_NS_ASSERTIONS = NO;
				ENABLE_STRICT_OBJC_MSGSEND = YES;
				GCC_C_LANGUAGE_STANDARD = gnu11;
				GCC_NO_COMMON_BLOCKS = YES;
				GCC_WARN_64_TO_32_BIT_CONVERSION = YES;
				GCC_WARN_ABOUT_RETURN_TYPE = YES_ERROR;
				GCC_WARN_UNDECLARED_SELECTOR = YES;
				GCC_WARN_UNINITIALIZED_AUTOS = YES_AGGRESSIVE;
				GCC_WARN_UNUSED_FUNCTION = YES;
				GCC_WARN_UNUSED_VARIABLE = YES;
				IPHONEOS_DEPLOYMENT_TARGET = 15.0;
				MTL_ENABLE_DEBUG_INFO = NO;
				MTL_FAST_MATH = YES;
				SDKROOT = iphoneos;
				SWIFT_COMPILATION_MODE = wholemodule;
				SWIFT_OPTIMIZATION_LEVEL = "-O";
				VALIDATE_PRODUCT = YES;
			};
			name = Release;
		};
		69B4ADAC2787123E00585152 /* Debug */ = {
			isa = XCBuildConfiguration;
			buildSettings = {
				ASSETCATALOG_COMPILER_APPICON_NAME = AppIcon;
				ASSETCATALOG_COMPILER_GLOBAL_ACCENT_COLOR_NAME = AccentColor;
				CODE_SIGN_STYLE = Automatic;
				CURRENT_PROJECT_VERSION = 1;
				DEVELOPMENT_TEAM = FQ2695S35Q;
				GENERATE_INFOPLIST_FILE = YES;
				INFOPLIST_FILE = "Homework#1.3/Info.plist";
				INFOPLIST_KEY_UIApplicationSupportsIndirectInputEvents = YES;
				INFOPLIST_KEY_UILaunchStoryboardName = LaunchScreen;
				INFOPLIST_KEY_UIMainStoryboardFile = Main;
				INFOPLIST_KEY_UISupportedInterfaceOrientations_iPad = "UIInterfaceOrientationPortrait UIInterfaceOrientationPortraitUpsideDown UIInterfaceOrientationLandscapeLeft UIInterfaceOrientationLandscapeRight";
				INFOPLIST_KEY_UISupportedInterfaceOrientations_iPhone = "UIInterfaceOrientationPortrait UIInterfaceOrientationLandscapeLeft UIInterfaceOrientationLandscapeRight";
				LD_RUNPATH_SEARCH_PATHS = (
					"$(inherited)",
					"@executable_path/Frameworks",
				);
				MARKETING_VERSION = 1.0;
				PRODUCT_BUNDLE_IDENTIFIER = "HomeWork.Homework-1-3";
				PRODUCT_NAME = "$(TARGET_NAME)";
				SWIFT_EMIT_LOC_STRINGS = YES;
				SWIFT_VERSION = 5.0;
				TARGETED_DEVICE_FAMILY = "1,2";
			};
			name = Debug;
		};
		69B4ADAD2787123E00585152 /* Release */ = {
			isa = XCBuildConfiguration;
			buildSettings = {
				ASSETCATALOG_COMPILER_APPICON_NAME = AppIcon;
				ASSETCATALOG_COMPILER_GLOBAL_ACCENT_COLOR_NAME = AccentColor;
				CODE_SIGN_STYLE = Automatic;
				CURRENT_PROJECT_VERSION = 1;
				DEVELOPMENT_TEAM = FQ2695S35Q;
				GENERATE_INFOPLIST_FILE = YES;
				INFOPLIST_FILE = "Homework#1.3/Info.plist";
				INFOPLIST_KEY_UIApplicationSupportsIndirectInputEvents = YES;
				INFOPLIST_KEY_UILaunchStoryboardName = LaunchScreen;
				INFOPLIST_KEY_UIMainStoryboardFile = Main;
				INFOPLIST_KEY_UISupportedInterfaceOrientations_iPad = "UIInterfaceOrientationPortrait UIInterfaceOrientationPortraitUpsideDown UIInterfaceOrientationLandscapeLeft UIInterfaceOrientationLandscapeRight";
				INFOPLIST_KEY_UISupportedInterfaceOrientations_iPhone = "UIInterfaceOrientationPortrait UIInterfaceOrientationLandscapeLeft UIInterfaceOrientationLandscapeRight";
				LD_RUNPATH_SEARCH_PATHS = (
					"$(inherited)",
					"@executable_path/Frameworks",
				);
				MARKETING_VERSION = 1.0;
				PRODUCT_BUNDLE_IDENTIFIER = "HomeWork.Homework-1-3";
				PRODUCT_NAME = "$(TARGET_NAME)";
				SWIFT_EMIT_LOC_STRINGS = YES;
				SWIFT_VERSION = 5.0;
				TARGETED_DEVICE_FAMILY = "1,2";
			};
			name = Release;
		};
		69B4ADAF2787123E00585152 /* Debug */ = {
			isa = XCBuildConfiguration;
			buildSettings = {
				ALWAYS_EMBED_SWIFT_STANDARD_LIBRARIES = YES;
				BUNDLE_LOADER = "$(TEST_HOST)";
				CODE_SIGN_STYLE = Automatic;
				CURRENT_PROJECT_VERSION = 1;
				DEVELOPMENT_TEAM = FQ2695S35Q;
				GENERATE_INFOPLIST_FILE = YES;
				IPHONEOS_DEPLOYMENT_TARGET = 15.0;
				LD_RUNPATH_SEARCH_PATHS = (
					"$(inherited)",
					"@executable_path/Frameworks",
					"@loader_path/Frameworks",
				);
				MARKETING_VERSION = 1.0;
				PRODUCT_BUNDLE_IDENTIFIER = "HomeWork.Homework-1-3Tests";
				PRODUCT_NAME = "$(TARGET_NAME)";
				SWIFT_EMIT_LOC_STRINGS = NO;
				SWIFT_VERSION = 5.0;
				TARGETED_DEVICE_FAMILY = "1,2";
				TEST_HOST = "$(BUILT_PRODUCTS_DIR)/Homework#1.3.app/Homework#1.3";
			};
			name = Debug;
		};
		69B4ADB02787123E00585152 /* Release */ = {
			isa = XCBuildConfiguration;
			buildSettings = {
				ALWAYS_EMBED_SWIFT_STANDARD_LIBRARIES = YES;
				BUNDLE_LOADER = "$(TEST_HOST)";
				CODE_SIGN_STYLE = Automatic;
				CURRENT_PROJECT_VERSION = 1;
				DEVELOPMENT_TEAM = FQ2695S35Q;
				GENERATE_INFOPLIST_FILE = YES;
				IPHONEOS_DEPLOYMENT_TARGET = 15.0;
				LD_RUNPATH_SEARCH_PATHS = (
					"$(inherited)",
					"@executable_path/Frameworks",
					"@loader_path/Frameworks",
				);
				MARKETING_VERSION = 1.0;
				PRODUCT_BUNDLE_IDENTIFIER = "HomeWork.Homework-1-3Tests";
				PRODUCT_NAME = "$(TARGET_NAME)";
				SWIFT_EMIT_LOC_STRINGS = NO;
				SWIFT_VERSION = 5.0;
				TARGETED_DEVICE_FAMILY = "1,2";
				TEST_HOST = "$(BUILT_PRODUCTS_DIR)/Homework#1.3.app/Homework#1.3";
			};
			name = Release;
		};
		69B4ADB22787123E00585152 /* Debug */ = {
			isa = XCBuildConfiguration;
			buildSettings = {
				ALWAYS_EMBED_SWIFT_STANDARD_LIBRARIES = YES;
				CODE_SIGN_STYLE = Automatic;
				CURRENT_PROJECT_VERSION = 1;
				DEVELOPMENT_TEAM = FQ2695S35Q;
				GENERATE_INFOPLIST_FILE = YES;
				LD_RUNPATH_SEARCH_PATHS = (
					"$(inherited)",
					"@executable_path/Frameworks",
					"@loader_path/Frameworks",
				);
				MARKETING_VERSION = 1.0;
				PRODUCT_BUNDLE_IDENTIFIER = "HomeWork.Homework-1-3UITests";
				PRODUCT_NAME = "$(TARGET_NAME)";
				SWIFT_EMIT_LOC_STRINGS = NO;
				SWIFT_VERSION = 5.0;
				TARGETED_DEVICE_FAMILY = "1,2";
				TEST_TARGET_NAME = "Homework#1.3";
			};
			name = Debug;
		};
		69B4ADB32787123E00585152 /* Release */ = {
			isa = XCBuildConfiguration;
			buildSettings = {
				ALWAYS_EMBED_SWIFT_STANDARD_LIBRARIES = YES;
				CODE_SIGN_STYLE = Automatic;
				CURRENT_PROJECT_VERSION = 1;
				DEVELOPMENT_TEAM = FQ2695S35Q;
				GENERATE_INFOPLIST_FILE = YES;
				LD_RUNPATH_SEARCH_PATHS = (
					"$(inherited)",
					"@executable_path/Frameworks",
					"@loader_path/Frameworks",
				);
				MARKETING_VERSION = 1.0;
				PRODUCT_BUNDLE_IDENTIFIER = "HomeWork.Homework-1-3UITests";
				PRODUCT_NAME = "$(TARGET_NAME)";
				SWIFT_EMIT_LOC_STRINGS = NO;
				SWIFT_VERSION = 5.0;
				TARGETED_DEVICE_FAMILY = "1,2";
				TEST_TARGET_NAME = "Homework#1.3";
			};
			name = Release;
		};
/* End XCBuildConfiguration section */

/* Begin XCConfigurationList section */
		69B4AD7C2787123B00585152 /* Build configuration list for PBXProject "Homework#1.3" */ = {
			isa = XCConfigurationList;
			buildConfigurations = (
				69B4ADA92787123E00585152 /* Debug */,
				69B4ADAA2787123E00585152 /* Release */,
			);
			defaultConfigurationIsVisible = 0;
			defaultConfigurationName = Release;
		};
		69B4ADAB2787123E00585152 /* Build configuration list for PBXNativeTarget "Homework#1.3" */ = {
			isa = XCConfigurationList;
			buildConfigurations = (
				69B4ADAC2787123E00585152 /* Debug */,
				69B4ADAD2787123E00585152 /* Release */,
			);
			defaultConfigurationIsVisible = 0;
			defaultConfigurationName = Release;
		};
		69B4ADAE2787123E00585152 /* Build configuration list for PBXNativeTarget "Homework#1.3Tests" */ = {
			isa = XCConfigurationList;
			buildConfigurations = (
				69B4ADAF2787123E00585152 /* Debug */,
				69B4ADB02787123E00585152 /* Release */,
			);
			defaultConfigurationIsVisible = 0;
			defaultConfigurationName = Release;
		};
		69B4ADB12787123E00585152 /* Build configuration list for PBXNativeTarget "Homework#1.3UITests" */ = {
			isa = XCConfigurationList;
			buildConfigurations = (
				69B4ADB22787123E00585152 /* Debug */,
				69B4ADB32787123E00585152 /* Release */,
			);
			defaultConfigurationIsVisible = 0;
			defaultConfigurationName = Release;
		};
/* End XCConfigurationList section */
	};
	rootObject = 69B4AD792787123B00585152 /* Project object */;
}
